{
  "name": "app",
  "lockfileVersion": 2,
  "requires": true,
  "packages": {
    "": {
      "dependencies": {
        "fontsource-noto-sans-jp": "^4.0.0"
      }
    },
    "node_modules/fontsource-noto-sans-jp": {
      "version": "4.0.0",
      "resolved": "https://registry.npmjs.org/fontsource-noto-sans-jp/-/fontsource-noto-sans-jp-4.0.0.tgz",
      "integrity": "sha512-/XLWHhy7nBTb8V+J05nb6O/SeeChlWhpx2Srs8Ipl2p0KztUTMz9AmYTARuWOLErtZc/Ar2XwuUjsWA+MBMBGw==",
      "deprecated": "Package relocated. Please install and migrate to @fontsource/noto-sans-jp."
    }
  },
  "dependencies": {
    "fontsource-noto-sans-jp": {
      "version": "4.0.0",
      "resolved": "https://registry.npmjs.org/fontsource-noto-sans-jp/-/fontsource-noto-sans-jp-4.0.0.tgz",
      "integrity": "sha512-/XLWHhy7nBTb8V+J05nb6O/SeeChlWhpx2Srs8Ipl2p0KztUTMz9AmYTARuWOLErtZc/Ar2XwuUjsWA+MBMBGw=="
    }
  }
}
